// !$*UTF8*$!
{
	archiveVersion = 1;
	classes = {
	};
	objectVersion = 56;
	objects = {

/* Begin PBXBuildFile section */
		390083872B6E7FB400D98253 /* ScanBetaView.swift in Sources */ = {isa = PBXBuildFile; fileRef = 390083862B6E7FB400D98253 /* ScanBetaView.swift */; };
		390083892B6E96CE00D98253 /* HKCatalogueCategory.swift in Sources */ = {isa = PBXBuildFile; fileRef = 390083882B6E96CE00D98253 /* HKCatalogueCategory.swift */; };
		3900838B2B6E98E000D98253 /* CKAsset Extension.swift in Sources */ = {isa = PBXBuildFile; fileRef = 3900838A2B6E98E000D98253 /* CKAsset Extension.swift */; };
		3900838D2B6EA47700D98253 /* ProductsInCategoryView.swift in Sources */ = {isa = PBXBuildFile; fileRef = 3900838C2B6EA47700D98253 /* ProductsInCategoryView.swift */; };
		39088B582B447A9C00E6E1E5 /* HKUser.swift in Sources */ = {isa = PBXBuildFile; fileRef = 39088B572B447A9C00E6E1E5 /* HKUser.swift */; };
		39088B5A2B44812C00E6E1E5 /* CloudKitManager.swift in Sources */ = {isa = PBXBuildFile; fileRef = 39088B592B44812C00E6E1E5 /* CloudKitManager.swift */; };
		39088B5E2B44826700E6E1E5 /* Constants.swift in Sources */ = {isa = PBXBuildFile; fileRef = 39088B5D2B44826700E6E1E5 /* Constants.swift */; };
		39088B602B4483B900E6E1E5 /* CKRecord Extension.swift in Sources */ = {isa = PBXBuildFile; fileRef = 39088B5F2B4483B900E6E1E5 /* CKRecord Extension.swift */; };
		393301442B31E17900318C4B /* NarrowButton.swift in Sources */ = {isa = PBXBuildFile; fileRef = 393301432B31E17900318C4B /* NarrowButton.swift */; };
		393301462B31E6A400318C4B /* ClientsScreen.swift in Sources */ = {isa = PBXBuildFile; fileRef = 393301452B31E6A400318C4B /* ClientsScreen.swift */; };
		393301482B31E6CB00318C4B /* CatalogueScreen.swift in Sources */ = {isa = PBXBuildFile; fileRef = 393301472B31E6CB00318C4B /* CatalogueScreen.swift */; };
		3953E9EA2B46F557005AA3C1 /* HKItem.swift in Sources */ = {isa = PBXBuildFile; fileRef = 3953E9E92B46F557005AA3C1 /* HKItem.swift */; };
		3953E9EC2B470174005AA3C1 /* SearchHKItemInputView.swift in Sources */ = {isa = PBXBuildFile; fileRef = 3953E9EB2B470174005AA3C1 /* SearchHKItemInputView.swift */; };
		395F81AA2B19DF0C0070FD1C /* HKApp.swift in Sources */ = {isa = PBXBuildFile; fileRef = 395F81A92B19DF0C0070FD1C /* HKApp.swift */; };
		395F81AE2B19DF0D0070FD1C /* Assets.xcassets in Resources */ = {isa = PBXBuildFile; fileRef = 395F81AD2B19DF0D0070FD1C /* Assets.xcassets */; };
		395F81B12B19DF0D0070FD1C /* Preview Assets.xcassets in Resources */ = {isa = PBXBuildFile; fileRef = 395F81B02B19DF0D0070FD1C /* Preview Assets.xcassets */; };
		397139712BE96AB600F0836D /* Sentry in Frameworks */ = {isa = PBXBuildFile; productRef = 397139702BE96AB600F0836D /* Sentry */; };
		397139752BE96AB600F0836D /* SentrySwiftUI in Frameworks */ = {isa = PBXBuildFile; productRef = 397139742BE96AB600F0836D /* SentrySwiftUI */; };
		397265C22B25E21300804F42 /* Colors Extension.swift in Sources */ = {isa = PBXBuildFile; fileRef = 397265C12B25E21300804F42 /* Colors Extension.swift */; };
		398262242B6EA75C00B107F2 /* HKCatalogueItem.swift in Sources */ = {isa = PBXBuildFile; fileRef = 398262232B6EA75C00B107F2 /* HKCatalogueItem.swift */; };
		398262262B73F0CC00B107F2 /* Scanning.swift in Sources */ = {isa = PBXBuildFile; fileRef = 398262252B73F0CC00B107F2 /* Scanning.swift */; };
		398262282B76163B00B107F2 /* ScanView.swift in Sources */ = {isa = PBXBuildFile; fileRef = 398262272B76163B00B107F2 /* ScanView.swift */; };
		399222C22B6BED6B005FF04E /* NewItemsViewModel.swift in Sources */ = {isa = PBXBuildFile; fileRef = 399222C12B6BED6B005FF04E /* NewItemsViewModel.swift */; };
		3997F6BC2B76375300E35F58 /* SelectingItemCatalogue.swift in Sources */ = {isa = PBXBuildFile; fileRef = 3997F6BB2B76375300E35F58 /* SelectingItemCatalogue.swift */; };
		3997F6BE2B76377900E35F58 /* SelectingItemInCategory.swift in Sources */ = {isa = PBXBuildFile; fileRef = 3997F6BD2B76377900E35F58 /* SelectingItemInCategory.swift */; };
		3997F6C02B763E0400E35F58 /* UIImage Extension.swift in Sources */ = {isa = PBXBuildFile; fileRef = 3997F6BF2B763E0400E35F58 /* UIImage Extension.swift */; };
		3997F6C32B7645DC00E35F58 /* ConnectClientToProductsView.swift in Sources */ = {isa = PBXBuildFile; fileRef = 3997F6C22B7645DC00E35F58 /* ConnectClientToProductsView.swift */; };
		3997F6C52B76472500E35F58 /* HKClient.swift in Sources */ = {isa = PBXBuildFile; fileRef = 3997F6C42B76472500E35F58 /* HKClient.swift */; };
		3999C3AA2B2FAAB500D27CE1 /* InsertEmployeeIdView.swift in Sources */ = {isa = PBXBuildFile; fileRef = 3999C3A92B2FAAB500D27CE1 /* InsertEmployeeIdView.swift */; };
		3999C3AC2B2FAD8900D27CE1 /* View Extension.swift in Sources */ = {isa = PBXBuildFile; fileRef = 3999C3AB2B2FAD8900D27CE1 /* View Extension.swift */; };
		3999C3AE2B2FB0BF00D27CE1 /* SecondaryButton.swift in Sources */ = {isa = PBXBuildFile; fileRef = 3999C3AD2B2FB0BF00D27CE1 /* SecondaryButton.swift */; };
		39A6D8C72B764C8B000C69DD /* ClientDetailView.swift in Sources */ = {isa = PBXBuildFile; fileRef = 39A6D8C62B764C8B000C69DD /* ClientDetailView.swift */; };
		39B40C1C2B3639F4009A8AEE /* CodeScanner in Frameworks */ = {isa = PBXBuildFile; productRef = 39B40C1B2B3639F4009A8AEE /* CodeScanner */; };
		39B40C1E2B364142009A8AEE /* String Extension.swift in Sources */ = {isa = PBXBuildFile; fileRef = 39B40C1D2B364142009A8AEE /* String Extension.swift */; };
		39B40C202B364499009A8AEE /* ItemPreview.swift in Sources */ = {isa = PBXBuildFile; fileRef = 39B40C1F2B364499009A8AEE /* ItemPreview.swift */; };
		39B40C222B3653E4009A8AEE /* NewItemsSheet.swift in Sources */ = {isa = PBXBuildFile; fileRef = 39B40C212B3653E4009A8AEE /* NewItemsSheet.swift */; };
		39C15B252B236C4D00677053 /* RootView.swift in Sources */ = {isa = PBXBuildFile; fileRef = 39C15B242B236C4D00677053 /* RootView.swift */; };
		39C15B272B236D2E00677053 /* Behaviours.swift in Sources */ = {isa = PBXBuildFile; fileRef = 39C15B262B236D2E00677053 /* Behaviours.swift */; };
		39C15B292B236E1100677053 /* CustomTabView.swift in Sources */ = {isa = PBXBuildFile; fileRef = 39C15B282B236E1100677053 /* CustomTabView.swift */; };
		39D98EFF2B2A2AC100F4964C /* ScreenHeadingView.swift in Sources */ = {isa = PBXBuildFile; fileRef = 39D98EFE2B2A2AC100F4964C /* ScreenHeadingView.swift */; };
		39D98F012B2A2D7200F4964C /* Fonts Extension.swift in Sources */ = {isa = PBXBuildFile; fileRef = 39D98F002B2A2D7200F4964C /* Fonts Extension.swift */; };
		39D98F032B2A36FB00F4964C /* HomeScreen.swift in Sources */ = {isa = PBXBuildFile; fileRef = 39D98F022B2A36FB00F4964C /* HomeScreen.swift */; };
		39D98F052B2A3CCE00F4964C /* SettingsView.swift in Sources */ = {isa = PBXBuildFile; fileRef = 39D98F042B2A3CCE00F4964C /* SettingsView.swift */; };
		39D98F072B2A3DDD00F4964C /* PrimaryButton.swift in Sources */ = {isa = PBXBuildFile; fileRef = 39D98F062B2A3DDD00F4964C /* PrimaryButton.swift */; };
/* End PBXBuildFile section */

/* Begin PBXFileReference section */
		390083862B6E7FB400D98253 /* ScanBetaView.swift */ = {isa = PBXFileReference; lastKnownFileType = sourcecode.swift; path = ScanBetaView.swift; sourceTree = "<group>"; };
		390083882B6E96CE00D98253 /* HKCatalogueCategory.swift */ = {isa = PBXFileReference; lastKnownFileType = sourcecode.swift; path = HKCatalogueCategory.swift; sourceTree = "<group>"; };
		3900838A2B6E98E000D98253 /* CKAsset Extension.swift */ = {isa = PBXFileReference; lastKnownFileType = sourcecode.swift; path = "CKAsset Extension.swift"; sourceTree = "<group>"; };
		3900838C2B6EA47700D98253 /* ProductsInCategoryView.swift */ = {isa = PBXFileReference; lastKnownFileType = sourcecode.swift; path = ProductsInCategoryView.swift; sourceTree = "<group>"; };
		39088B572B447A9C00E6E1E5 /* HKUser.swift */ = {isa = PBXFileReference; lastKnownFileType = sourcecode.swift; path = HKUser.swift; sourceTree = "<group>"; };
		39088B592B44812C00E6E1E5 /* CloudKitManager.swift */ = {isa = PBXFileReference; lastKnownFileType = sourcecode.swift; path = CloudKitManager.swift; sourceTree = "<group>"; };
		39088B5D2B44826700E6E1E5 /* Constants.swift */ = {isa = PBXFileReference; lastKnownFileType = sourcecode.swift; path = Constants.swift; sourceTree = "<group>"; };
		39088B5F2B4483B900E6E1E5 /* CKRecord Extension.swift */ = {isa = PBXFileReference; lastKnownFileType = sourcecode.swift; path = "CKRecord Extension.swift"; sourceTree = "<group>"; };
		393301432B31E17900318C4B /* NarrowButton.swift */ = {isa = PBXFileReference; lastKnownFileType = sourcecode.swift; path = NarrowButton.swift; sourceTree = "<group>"; };
		393301452B31E6A400318C4B /* ClientsScreen.swift */ = {isa = PBXFileReference; lastKnownFileType = sourcecode.swift; path = ClientsScreen.swift; sourceTree = "<group>"; };
		393301472B31E6CB00318C4B /* CatalogueScreen.swift */ = {isa = PBXFileReference; lastKnownFileType = sourcecode.swift; path = CatalogueScreen.swift; sourceTree = "<group>"; };
		3953E9E92B46F557005AA3C1 /* HKItem.swift */ = {isa = PBXFileReference; lastKnownFileType = sourcecode.swift; path = HKItem.swift; sourceTree = "<group>"; };
		3953E9EB2B470174005AA3C1 /* SearchHKItemInputView.swift */ = {isa = PBXFileReference; lastKnownFileType = sourcecode.swift; path = SearchHKItemInputView.swift; sourceTree = "<group>"; };
		395F81A62B19DF0C0070FD1C /* HK.app */ = {isa = PBXFileReference; explicitFileType = wrapper.application; includeInIndex = 0; path = HK.app; sourceTree = BUILT_PRODUCTS_DIR; };
		395F81A92B19DF0C0070FD1C /* HKApp.swift */ = {isa = PBXFileReference; lastKnownFileType = sourcecode.swift; path = HKApp.swift; sourceTree = "<group>"; };
		395F81AD2B19DF0D0070FD1C /* Assets.xcassets */ = {isa = PBXFileReference; lastKnownFileType = folder.assetcatalog; path = Assets.xcassets; sourceTree = "<group>"; };
		395F81B02B19DF0D0070FD1C /* Preview Assets.xcassets */ = {isa = PBXFileReference; lastKnownFileType = folder.assetcatalog; path = "Preview Assets.xcassets"; sourceTree = "<group>"; };
		397265C12B25E21300804F42 /* Colors Extension.swift */ = {isa = PBXFileReference; lastKnownFileType = sourcecode.swift; path = "Colors Extension.swift"; sourceTree = "<group>"; };
		398262232B6EA75C00B107F2 /* HKCatalogueItem.swift */ = {isa = PBXFileReference; lastKnownFileType = sourcecode.swift; path = HKCatalogueItem.swift; sourceTree = "<group>"; };
		398262252B73F0CC00B107F2 /* Scanning.swift */ = {isa = PBXFileReference; lastKnownFileType = sourcecode.swift; path = Scanning.swift; sourceTree = "<group>"; };
		398262272B76163B00B107F2 /* ScanView.swift */ = {isa = PBXFileReference; lastKnownFileType = sourcecode.swift; path = ScanView.swift; sourceTree = "<group>"; };
		399222C12B6BED6B005FF04E /* NewItemsViewModel.swift */ = {isa = PBXFileReference; lastKnownFileType = sourcecode.swift; path = NewItemsViewModel.swift; sourceTree = "<group>"; };
		3997F6BB2B76375300E35F58 /* SelectingItemCatalogue.swift */ = {isa = PBXFileReference; lastKnownFileType = sourcecode.swift; path = SelectingItemCatalogue.swift; sourceTree = "<group>"; };
		3997F6BD2B76377900E35F58 /* SelectingItemInCategory.swift */ = {isa = PBXFileReference; lastKnownFileType = sourcecode.swift; path = SelectingItemInCategory.swift; sourceTree = "<group>"; };
		3997F6BF2B763E0400E35F58 /* UIImage Extension.swift */ = {isa = PBXFileReference; lastKnownFileType = sourcecode.swift; path = "UIImage Extension.swift"; sourceTree = "<group>"; };
		3997F6C22B7645DC00E35F58 /* ConnectClientToProductsView.swift */ = {isa = PBXFileReference; lastKnownFileType = sourcecode.swift; path = ConnectClientToProductsView.swift; sourceTree = "<group>"; };
		3997F6C42B76472500E35F58 /* HKClient.swift */ = {isa = PBXFileReference; lastKnownFileType = sourcecode.swift; path = HKClient.swift; sourceTree = "<group>"; };
		3999C3A92B2FAAB500D27CE1 /* InsertEmployeeIdView.swift */ = {isa = PBXFileReference; lastKnownFileType = sourcecode.swift; path = InsertEmployeeIdView.swift; sourceTree = "<group>"; };
		3999C3AB2B2FAD8900D27CE1 /* View Extension.swift */ = {isa = PBXFileReference; lastKnownFileType = sourcecode.swift; path = "View Extension.swift"; sourceTree = "<group>"; };
		3999C3AD2B2FB0BF00D27CE1 /* SecondaryButton.swift */ = {isa = PBXFileReference; lastKnownFileType = sourcecode.swift; path = SecondaryButton.swift; sourceTree = "<group>"; };
		39A6D8C62B764C8B000C69DD /* ClientDetailView.swift */ = {isa = PBXFileReference; lastKnownFileType = sourcecode.swift; path = ClientDetailView.swift; sourceTree = "<group>"; };
		39B40C192B362EF7009A8AEE /* HK.entitlements */ = {isa = PBXFileReference; lastKnownFileType = text.plist.entitlements; path = HK.entitlements; sourceTree = "<group>"; };
		39B40C1D2B364142009A8AEE /* String Extension.swift */ = {isa = PBXFileReference; lastKnownFileType = sourcecode.swift; path = "String Extension.swift"; sourceTree = "<group>"; };
		39B40C1F2B364499009A8AEE /* ItemPreview.swift */ = {isa = PBXFileReference; lastKnownFileType = sourcecode.swift; path = ItemPreview.swift; sourceTree = "<group>"; };
		39B40C212B3653E4009A8AEE /* NewItemsSheet.swift */ = {isa = PBXFileReference; lastKnownFileType = sourcecode.swift; path = NewItemsSheet.swift; sourceTree = "<group>"; };
		39C15B242B236C4D00677053 /* RootView.swift */ = {isa = PBXFileReference; lastKnownFileType = sourcecode.swift; path = RootView.swift; sourceTree = "<group>"; };
		39C15B262B236D2E00677053 /* Behaviours.swift */ = {isa = PBXFileReference; lastKnownFileType = sourcecode.swift; path = Behaviours.swift; sourceTree = "<group>"; };
		39C15B282B236E1100677053 /* CustomTabView.swift */ = {isa = PBXFileReference; lastKnownFileType = sourcecode.swift; path = CustomTabView.swift; sourceTree = "<group>"; };
		39CBA7E12B3E176F0041DEB3 /* Info.plist */ = {isa = PBXFileReference; lastKnownFileType = text.plist; path = Info.plist; sourceTree = "<group>"; };
		39D98EFE2B2A2AC100F4964C /* ScreenHeadingView.swift */ = {isa = PBXFileReference; lastKnownFileType = sourcecode.swift; path = ScreenHeadingView.swift; sourceTree = "<group>"; };
		39D98F002B2A2D7200F4964C /* Fonts Extension.swift */ = {isa = PBXFileReference; lastKnownFileType = sourcecode.swift; path = "Fonts Extension.swift"; sourceTree = "<group>"; };
		39D98F022B2A36FB00F4964C /* HomeScreen.swift */ = {isa = PBXFileReference; lastKnownFileType = sourcecode.swift; path = HomeScreen.swift; sourceTree = "<group>"; };
		39D98F042B2A3CCE00F4964C /* SettingsView.swift */ = {isa = PBXFileReference; lastKnownFileType = sourcecode.swift; path = SettingsView.swift; sourceTree = "<group>"; };
		39D98F062B2A3DDD00F4964C /* PrimaryButton.swift */ = {isa = PBXFileReference; lastKnownFileType = sourcecode.swift; path = PrimaryButton.swift; sourceTree = "<group>"; };
/* End PBXFileReference section */

/* Begin PBXFrameworksBuildPhase section */
		395F81A32B19DF0C0070FD1C /* Frameworks */ = {
			isa = PBXFrameworksBuildPhase;
			buildActionMask = 2147483647;
			files = (
				39B40C1C2B3639F4009A8AEE /* CodeScanner in Frameworks */,
				397139752BE96AB600F0836D /* SentrySwiftUI in Frameworks */,
				397139712BE96AB600F0836D /* Sentry in Frameworks */,
			);
			runOnlyForDeploymentPostprocessing = 0;
		};
/* End PBXFrameworksBuildPhase section */

/* Begin PBXGroup section */
		39088B562B447A7200E6E1E5 /* Model */ = {
			isa = PBXGroup;
			children = (
				39088B572B447A9C00E6E1E5 /* HKUser.swift */,
				3953E9E92B46F557005AA3C1 /* HKItem.swift */,
				390083882B6E96CE00D98253 /* HKCatalogueCategory.swift */,
				398262232B6EA75C00B107F2 /* HKCatalogueItem.swift */,
				3997F6C42B76472500E35F58 /* HKClient.swift */,
			);
			path = Model;
			sourceTree = "<group>";
		};
		39088B5B2B44825300E6E1E5 /* Enums */ = {
			isa = PBXGroup;
			children = (
				39088B5D2B44826700E6E1E5 /* Constants.swift */,
			);
			path = Enums;
			sourceTree = "<group>";
		};
		393301492B31E90400318C4B /* Extensions */ = {
			isa = PBXGroup;
			children = (
				3999C3AB2B2FAD8900D27CE1 /* View Extension.swift */,
				39D98F002B2A2D7200F4964C /* Fonts Extension.swift */,
				397265C12B25E21300804F42 /* Colors Extension.swift */,
				39B40C1D2B364142009A8AEE /* String Extension.swift */,
				39088B5F2B4483B900E6E1E5 /* CKRecord Extension.swift */,
				3900838A2B6E98E000D98253 /* CKAsset Extension.swift */,
				3997F6BF2B763E0400E35F58 /* UIImage Extension.swift */,
			);
			path = Extensions;
			sourceTree = "<group>";
		};
		3933014A2B31E90D00318C4B /* Buttons */ = {
			isa = PBXGroup;
			children = (
				39D98F062B2A3DDD00F4964C /* PrimaryButton.swift */,
				3999C3AD2B2FB0BF00D27CE1 /* SecondaryButton.swift */,
				393301432B31E17900318C4B /* NarrowButton.swift */,
			);
			path = Buttons;
			sourceTree = "<group>";
		};
		3933014B2B31E91A00318C4B /* TabView */ = {
			isa = PBXGroup;
			children = (
				39C15B282B236E1100677053 /* CustomTabView.swift */,
				39D98EFE2B2A2AC100F4964C /* ScreenHeadingView.swift */,
			);
			path = TabView;
			sourceTree = "<group>";
		};
		3933014C2B31E92900318C4B /* Root */ = {
			isa = PBXGroup;
			children = (
				39C15B242B236C4D00677053 /* RootView.swift */,
				3933014B2B31E91A00318C4B /* TabView */,
			);
			path = Root;
			sourceTree = "<group>";
		};
		3933014D2B31E94000318C4B /* EnvironmentObjects */ = {
			isa = PBXGroup;
			children = (
				39C15B262B236D2E00677053 /* Behaviours.swift */,
				398262252B73F0CC00B107F2 /* Scanning.swift */,
			);
			path = EnvironmentObjects;
			sourceTree = "<group>";
		};
		3933014E2B31E94E00318C4B /* Utilities */ = {
			isa = PBXGroup;
			children = (
				39088B592B44812C00E6E1E5 /* CloudKitManager.swift */,
				39088B5B2B44825300E6E1E5 /* Enums */,
				3933014A2B31E90D00318C4B /* Buttons */,
				393301492B31E90400318C4B /* Extensions */,
			);
			path = Utilities;
			sourceTree = "<group>";
		};
		3933014F2B31E96000318C4B /* Reusables */ = {
			isa = PBXGroup;
			children = (
				3997F6C12B7645BF00E35F58 /* ConnectingClientToItem */,
				3999C3A92B2FAAB500D27CE1 /* InsertEmployeeIdView.swift */,
				39D98F042B2A3CCE00F4964C /* SettingsView.swift */,
				39B40C1F2B364499009A8AEE /* ItemPreview.swift */,
				3953E9EB2B470174005AA3C1 /* SearchHKItemInputView.swift */,
				3997F6BA2B76374100E35F58 /* NewItems */,
				398262272B76163B00B107F2 /* ScanView.swift */,
				390083862B6E7FB400D98253 /* ScanBetaView.swift */,
			);
			path = Reusables;
			sourceTree = "<group>";
		};
		393301502B31E96A00318C4B /* Screens */ = {
			isa = PBXGroup;
			children = (
				39D98F022B2A36FB00F4964C /* HomeScreen.swift */,
				393301452B31E6A400318C4B /* ClientsScreen.swift */,
				39A6D8C62B764C8B000C69DD /* ClientDetailView.swift */,
				393301472B31E6CB00318C4B /* CatalogueScreen.swift */,
				3900838C2B6EA47700D98253 /* ProductsInCategoryView.swift */,
			);
			path = Screens;
			sourceTree = "<group>";
		};
		395F819D2B19DF0C0070FD1C = {
			isa = PBXGroup;
			children = (
				395F81A82B19DF0C0070FD1C /* HK */,
				395F81A72B19DF0C0070FD1C /* Products */,
			);
			sourceTree = "<group>";
		};
		395F81A72B19DF0C0070FD1C /* Products */ = {
			isa = PBXGroup;
			children = (
				395F81A62B19DF0C0070FD1C /* HK.app */,
			);
			name = Products;
			sourceTree = "<group>";
		};
		395F81A82B19DF0C0070FD1C /* HK */ = {
			isa = PBXGroup;
			children = (
				39CBA7E12B3E176F0041DEB3 /* Info.plist */,
				39B40C192B362EF7009A8AEE /* HK.entitlements */,
				395F81A92B19DF0C0070FD1C /* HKApp.swift */,
				3933014D2B31E94000318C4B /* EnvironmentObjects */,
				3933014C2B31E92900318C4B /* Root */,
				393301502B31E96A00318C4B /* Screens */,
				3933014F2B31E96000318C4B /* Reusables */,
				3933014E2B31E94E00318C4B /* Utilities */,
				39088B562B447A7200E6E1E5 /* Model */,
				395F81AD2B19DF0D0070FD1C /* Assets.xcassets */,
				395F81AF2B19DF0D0070FD1C /* Preview Content */,
			);
			path = HK;
			sourceTree = "<group>";
		};
		395F81AF2B19DF0D0070FD1C /* Preview Content */ = {
			isa = PBXGroup;
			children = (
				395F81B02B19DF0D0070FD1C /* Preview Assets.xcassets */,
			);
			path = "Preview Content";
			sourceTree = "<group>";
		};
		3997F6BA2B76374100E35F58 /* NewItems */ = {
			isa = PBXGroup;
			children = (
				39B40C212B3653E4009A8AEE /* NewItemsSheet.swift */,
				399222C12B6BED6B005FF04E /* NewItemsViewModel.swift */,
				3997F6BB2B76375300E35F58 /* SelectingItemCatalogue.swift */,
				3997F6BD2B76377900E35F58 /* SelectingItemInCategory.swift */,
			);
			path = NewItems;
			sourceTree = "<group>";
		};
		3997F6C12B7645BF00E35F58 /* ConnectingClientToItem */ = {
			isa = PBXGroup;
			children = (
				3997F6C22B7645DC00E35F58 /* ConnectClientToProductsView.swift */,
			);
			path = ConnectingClientToItem;
			sourceTree = "<group>";
		};
/* End PBXGroup section */

/* Begin PBXNativeTarget section */
		395F81A52B19DF0C0070FD1C /* HK */ = {
			isa = PBXNativeTarget;
			buildConfigurationList = 395F81B42B19DF0D0070FD1C /* Build configuration list for PBXNativeTarget "HK" */;
			buildPhases = (
				395F81A22B19DF0C0070FD1C /* Sources */,
				395F81A32B19DF0C0070FD1C /* Frameworks */,
				395F81A42B19DF0C0070FD1C /* Resources */,
				985ACE7A8DC446498BD72F32 /* Upload Debug Symbols to Sentry */,
			);
			buildRules = (
			);
			dependencies = (
			);
			name = HK;
			packageProductDependencies = (
				39B40C1B2B3639F4009A8AEE /* CodeScanner */,
				397139702BE96AB600F0836D /* Sentry */,
				397139742BE96AB600F0836D /* SentrySwiftUI */,
			);
			productName = HK;
			productReference = 395F81A62B19DF0C0070FD1C /* HK.app */;
			productType = "com.apple.product-type.application";
		};
/* End PBXNativeTarget section */

/* Begin PBXProject section */
		395F819E2B19DF0C0070FD1C /* Project object */ = {
			isa = PBXProject;
			attributes = {
				BuildIndependentTargetsInParallel = 1;
				LastSwiftUpdateCheck = 1500;
				LastUpgradeCheck = 1500;
				TargetAttributes = {
					395F81A52B19DF0C0070FD1C = {
						CreatedOnToolsVersion = 15.0.1;
					};
				};
			};
			buildConfigurationList = 395F81A12B19DF0C0070FD1C /* Build configuration list for PBXProject "HK" */;
			compatibilityVersion = "Xcode 14.0";
			developmentRegion = sk;
			hasScannedForEncodings = 0;
			knownRegions = (
				Base,
				sk,
			);
			mainGroup = 395F819D2B19DF0C0070FD1C;
			packageReferences = (
				39B40C1A2B3639F4009A8AEE /* XCRemoteSwiftPackageReference "codescanner" */,
				5B734D3737EA448796C86D49 /* XCRemoteSwiftPackageReference "sentry-cocoa" */,
			);
			productRefGroup = 395F81A72B19DF0C0070FD1C /* Products */;
			projectDirPath = "";
			projectRoot = "";
			targets = (
				395F81A52B19DF0C0070FD1C /* HK */,
			);
		};
/* End PBXProject section */

/* Begin PBXResourcesBuildPhase section */
		395F81A42B19DF0C0070FD1C /* Resources */ = {
			isa = PBXResourcesBuildPhase;
			buildActionMask = 2147483647;
			files = (
				395F81B12B19DF0D0070FD1C /* Preview Assets.xcassets in Resources */,
				395F81AE2B19DF0D0070FD1C /* Assets.xcassets in Resources */,
			);
			runOnlyForDeploymentPostprocessing = 0;
		};
/* End PBXResourcesBuildPhase section */

/* Begin PBXShellScriptBuildPhase section */
		985ACE7A8DC446498BD72F32 /* Upload Debug Symbols to Sentry */ = {
			isa = PBXShellScriptBuildPhase;
			buildActionMask = 2147483647;
			files = (
			);
			inputPaths = (
				"${DWARF_DSYM_FOLDER_PATH}/${DWARF_DSYM_FILE_NAME}/Contents/Resources/DWARF/${TARGET_NAME}",
			);
			name = "Upload Debug Symbols to Sentry";
			outputPaths = (
			);
			runOnlyForDeploymentPostprocessing = 0;
			shellPath = /bin/sh;
			shellScript = "# This script is responsable to upload debug symbols and source context for Sentry.\nif which sentry-cli >/dev/null; then\nexport SENTRY_ORG=ph-wu\nexport SENTRY_PROJECT=apple-ios\nERROR=$(sentry-cli debug-files upload --include-sources \"$DWARF_DSYM_FOLDER_PATH\" 2>&1 >/dev/null)\nif [ ! $? -eq 0 ]; then\necho \"warning: sentry-cli - $ERROR\"\nfi\nelse\necho \"warning: sentry-cli not installed, download from https://github.com/getsentry/sentry-cli/releases\"\nfi\n";
		};
/* End PBXShellScriptBuildPhase section */

/* Begin PBXSourcesBuildPhase section */
		395F81A22B19DF0C0070FD1C /* Sources */ = {
			isa = PBXSourcesBuildPhase;
			buildActionMask = 2147483647;
			files = (
				393301462B31E6A400318C4B /* ClientsScreen.swift in Sources */,
				3953E9EA2B46F557005AA3C1 /* HKItem.swift in Sources */,
				39088B5E2B44826700E6E1E5 /* Constants.swift in Sources */,
				39088B582B447A9C00E6E1E5 /* HKUser.swift in Sources */,
				3997F6C02B763E0400E35F58 /* UIImage Extension.swift in Sources */,
				393301442B31E17900318C4B /* NarrowButton.swift in Sources */,
				398262282B76163B00B107F2 /* ScanView.swift in Sources */,
				390083872B6E7FB400D98253 /* ScanBetaView.swift in Sources */,
				3953E9EC2B470174005AA3C1 /* SearchHKItemInputView.swift in Sources */,
				3900838D2B6EA47700D98253 /* ProductsInCategoryView.swift in Sources */,
				3997F6BC2B76375300E35F58 /* SelectingItemCatalogue.swift in Sources */,
				39D98F012B2A2D7200F4964C /* Fonts Extension.swift in Sources */,
				39088B602B4483B900E6E1E5 /* CKRecord Extension.swift in Sources */,
				393301482B31E6CB00318C4B /* CatalogueScreen.swift in Sources */,
				390083892B6E96CE00D98253 /* HKCatalogueCategory.swift in Sources */,
				3997F6C32B7645DC00E35F58 /* ConnectClientToProductsView.swift in Sources */,
				39A6D8C72B764C8B000C69DD /* ClientDetailView.swift in Sources */,
				39D98F072B2A3DDD00F4964C /* PrimaryButton.swift in Sources */,
				39D98EFF2B2A2AC100F4964C /* ScreenHeadingView.swift in Sources */,
				3999C3AC2B2FAD8900D27CE1 /* View Extension.swift in Sources */,
				397265C22B25E21300804F42 /* Colors Extension.swift in Sources */,
				39B40C202B364499009A8AEE /* ItemPreview.swift in Sources */,
				39B40C222B3653E4009A8AEE /* NewItemsSheet.swift in Sources */,
				39088B5A2B44812C00E6E1E5 /* CloudKitManager.swift in Sources */,
				39C15B252B236C4D00677053 /* RootView.swift in Sources */,
				3997F6BE2B76377900E35F58 /* SelectingItemInCategory.swift in Sources */,
				39D98F052B2A3CCE00F4964C /* SettingsView.swift in Sources */,
				39D98F032B2A36FB00F4964C /* HomeScreen.swift in Sources */,
				3997F6C52B76472500E35F58 /* HKClient.swift in Sources */,
				39C15B292B236E1100677053 /* CustomTabView.swift in Sources */,
				399222C22B6BED6B005FF04E /* NewItemsViewModel.swift in Sources */,
				3999C3AE2B2FB0BF00D27CE1 /* SecondaryButton.swift in Sources */,
				395F81AA2B19DF0C0070FD1C /* HKApp.swift in Sources */,
				398262262B73F0CC00B107F2 /* Scanning.swift in Sources */,
				398262242B6EA75C00B107F2 /* HKCatalogueItem.swift in Sources */,
				39C15B272B236D2E00677053 /* Behaviours.swift in Sources */,
				3900838B2B6E98E000D98253 /* CKAsset Extension.swift in Sources */,
				39B40C1E2B364142009A8AEE /* String Extension.swift in Sources */,
				3999C3AA2B2FAAB500D27CE1 /* InsertEmployeeIdView.swift in Sources */,
			);
			runOnlyForDeploymentPostprocessing = 0;
		};
/* End PBXSourcesBuildPhase section */

/* Begin XCBuildConfiguration section */
		395F81B22B19DF0D0070FD1C /* Debug */ = {
			isa = XCBuildConfiguration;
			buildSettings = {
				ALWAYS_SEARCH_USER_PATHS = NO;
				ASSETCATALOG_COMPILER_GENERATE_SWIFT_ASSET_SYMBOL_EXTENSIONS = YES;
				CLANG_ANALYZER_NONNULL = YES;
				CLANG_ANALYZER_NUMBER_OBJECT_CONVERSION = YES_AGGRESSIVE;
				CLANG_CXX_LANGUAGE_STANDARD = "gnu++20";
				CLANG_ENABLE_MODULES = YES;
				CLANG_ENABLE_OBJC_ARC = YES;
				CLANG_ENABLE_OBJC_WEAK = YES;
				CLANG_WARN_BLOCK_CAPTURE_AUTORELEASING = YES;
				CLANG_WARN_BOOL_CONVERSION = YES;
				CLANG_WARN_COMMA = YES;
				CLANG_WARN_CONSTANT_CONVERSION = YES;
				CLANG_WARN_DEPRECATED_OBJC_IMPLEMENTATIONS = YES;
				CLANG_WARN_DIRECT_OBJC_ISA_USAGE = YES_ERROR;
				CLANG_WARN_DOCUMENTATION_COMMENTS = YES;
				CLANG_WARN_EMPTY_BODY = YES;
				CLANG_WARN_ENUM_CONVERSION = YES;
				CLANG_WARN_INFINITE_RECURSION = YES;
				CLANG_WARN_INT_CONVERSION = YES;
				CLANG_WARN_NON_LITERAL_NULL_CONVERSION = YES;
				CLANG_WARN_OBJC_IMPLICIT_RETAIN_SELF = YES;
				CLANG_WARN_OBJC_LITERAL_CONVERSION = YES;
				CLANG_WARN_OBJC_ROOT_CLASS = YES_ERROR;
				CLANG_WARN_QUOTED_INCLUDE_IN_FRAMEWORK_HEADER = YES;
				CLANG_WARN_RANGE_LOOP_ANALYSIS = YES;
				CLANG_WARN_STRICT_PROTOTYPES = YES;
				CLANG_WARN_SUSPICIOUS_MOVE = YES;
				CLANG_WARN_UNGUARDED_AVAILABILITY = YES_AGGRESSIVE;
				CLANG_WARN_UNREACHABLE_CODE = YES;
				CLANG_WARN__DUPLICATE_METHOD_MATCH = YES;
				COPY_PHASE_STRIP = NO;
				DEBUG_INFORMATION_FORMAT = dwarf;
				ENABLE_STRICT_OBJC_MSGSEND = YES;
				ENABLE_TESTABILITY = YES;
				ENABLE_USER_SCRIPT_SANDBOXING = YES;
				GCC_C_LANGUAGE_STANDARD = gnu17;
				GCC_DYNAMIC_NO_PIC = NO;
				GCC_NO_COMMON_BLOCKS = YES;
				GCC_OPTIMIZATION_LEVEL = 0;
				GCC_PREPROCESSOR_DEFINITIONS = (
					"DEBUG=1",
					"$(inherited)",
				);
				GCC_WARN_64_TO_32_BIT_CONVERSION = YES;
				GCC_WARN_ABOUT_RETURN_TYPE = YES_ERROR;
				GCC_WARN_UNDECLARED_SELECTOR = YES;
				GCC_WARN_UNINITIALIZED_AUTOS = YES_AGGRESSIVE;
				GCC_WARN_UNUSED_FUNCTION = YES;
				GCC_WARN_UNUSED_VARIABLE = YES;
				IPHONEOS_DEPLOYMENT_TARGET = 17.0;
				LOCALIZATION_PREFERS_STRING_CATALOGS = YES;
				MTL_ENABLE_DEBUG_INFO = INCLUDE_SOURCE;
				MTL_FAST_MATH = YES;
				ONLY_ACTIVE_ARCH = YES;
				SDKROOT = iphoneos;
				SWIFT_ACTIVE_COMPILATION_CONDITIONS = "DEBUG $(inherited)";
				SWIFT_OPTIMIZATION_LEVEL = "-Onone";
			};
			name = Debug;
		};
		395F81B32B19DF0D0070FD1C /* Release */ = {
			isa = XCBuildConfiguration;
			buildSettings = {
				ALWAYS_SEARCH_USER_PATHS = NO;
				ASSETCATALOG_COMPILER_GENERATE_SWIFT_ASSET_SYMBOL_EXTENSIONS = YES;
				CLANG_ANALYZER_NONNULL = YES;
				CLANG_ANALYZER_NUMBER_OBJECT_CONVERSION = YES_AGGRESSIVE;
				CLANG_CXX_LANGUAGE_STANDARD = "gnu++20";
				CLANG_ENABLE_MODULES = YES;
				CLANG_ENABLE_OBJC_ARC = YES;
				CLANG_ENABLE_OBJC_WEAK = YES;
				CLANG_WARN_BLOCK_CAPTURE_AUTORELEASING = YES;
				CLANG_WARN_BOOL_CONVERSION = YES;
				CLANG_WARN_COMMA = YES;
				CLANG_WARN_CONSTANT_CONVERSION = YES;
				CLANG_WARN_DEPRECATED_OBJC_IMPLEMENTATIONS = YES;
				CLANG_WARN_DIRECT_OBJC_ISA_USAGE = YES_ERROR;
				CLANG_WARN_DOCUMENTATION_COMMENTS = YES;
				CLANG_WARN_EMPTY_BODY = YES;
				CLANG_WARN_ENUM_CONVERSION = YES;
				CLANG_WARN_INFINITE_RECURSION = YES;
				CLANG_WARN_INT_CONVERSION = YES;
				CLANG_WARN_NON_LITERAL_NULL_CONVERSION = YES;
				CLANG_WARN_OBJC_IMPLICIT_RETAIN_SELF = YES;
				CLANG_WARN_OBJC_LITERAL_CONVERSION = YES;
				CLANG_WARN_OBJC_ROOT_CLASS = YES_ERROR;
				CLANG_WARN_QUOTED_INCLUDE_IN_FRAMEWORK_HEADER = YES;
				CLANG_WARN_RANGE_LOOP_ANALYSIS = YES;
				CLANG_WARN_STRICT_PROTOTYPES = YES;
				CLANG_WARN_SUSPICIOUS_MOVE = YES;
				CLANG_WARN_UNGUARDED_AVAILABILITY = YES_AGGRESSIVE;
				CLANG_WARN_UNREACHABLE_CODE = YES;
				CLANG_WARN__DUPLICATE_METHOD_MATCH = YES;
				COPY_PHASE_STRIP = NO;
				DEBUG_INFORMATION_FORMAT = "dwarf-with-dsym";
				ENABLE_NS_ASSERTIONS = NO;
				ENABLE_STRICT_OBJC_MSGSEND = YES;
				ENABLE_USER_SCRIPT_SANDBOXING = YES;
				GCC_C_LANGUAGE_STANDARD = gnu17;
				GCC_NO_COMMON_BLOCKS = YES;
				GCC_WARN_64_TO_32_BIT_CONVERSION = YES;
				GCC_WARN_ABOUT_RETURN_TYPE = YES_ERROR;
				GCC_WARN_UNDECLARED_SELECTOR = YES;
				GCC_WARN_UNINITIALIZED_AUTOS = YES_AGGRESSIVE;
				GCC_WARN_UNUSED_FUNCTION = YES;
				GCC_WARN_UNUSED_VARIABLE = YES;
				IPHONEOS_DEPLOYMENT_TARGET = 17.0;
				LOCALIZATION_PREFERS_STRING_CATALOGS = YES;
				MTL_ENABLE_DEBUG_INFO = NO;
				MTL_FAST_MATH = YES;
				SDKROOT = iphoneos;
				SWIFT_COMPILATION_MODE = wholemodule;
				VALIDATE_PRODUCT = YES;
			};
			name = Release;
		};
		395F81B52B19DF0D0070FD1C /* Debug */ = {
			isa = XCBuildConfiguration;
			buildSettings = {
				ASSETCATALOG_COMPILER_APPICON_NAME = AppIcon;
				ASSETCATALOG_COMPILER_GLOBAL_ACCENT_COLOR_NAME = AccentColor;
				CODE_SIGN_ENTITLEMENTS = HK/HK.entitlements;
				CODE_SIGN_STYLE = Automatic;
				CURRENT_PROJECT_VERSION = 1;
				DEBUG_INFORMATION_FORMAT = "dwarf-with-dsym";
				DEVELOPMENT_ASSET_PATHS = "\"HK/Preview Content\"";
				DEVELOPMENT_TEAM = B97JAXGU8K;
				ENABLE_PREVIEWS = YES;
				GENERATE_INFOPLIST_FILE = YES;
				INFOPLIST_FILE = HK/Info.plist;
				INFOPLIST_KEY_NSCameraUsageDescription = "Použitie kamery bude výhradne pre skenovanie QR kódu.";
				INFOPLIST_KEY_UIApplicationSceneManifest_Generation = YES;
				INFOPLIST_KEY_UIApplicationSupportsIndirectInputEvents = YES;
				INFOPLIST_KEY_UILaunchScreen_Generation = YES;
				INFOPLIST_KEY_UISupportedInterfaceOrientations = UIInterfaceOrientationPortrait;
				INFOPLIST_KEY_UISupportedInterfaceOrientations_iPad = "UIInterfaceOrientationLandscapeLeft UIInterfaceOrientationLandscapeRight";
				INFOPLIST_KEY_UIUserInterfaceStyle = Light;
				LD_RUNPATH_SEARCH_PATHS = (
					"$(inherited)",
					"@executable_path/Frameworks",
				);
				MARKETING_VERSION = 1.0.0;
				PRODUCT_BUNDLE_IDENTIFIER = sk.kresanic.HK;
				PRODUCT_NAME = "$(TARGET_NAME)";
				SUPPORTED_PLATFORMS = "iphoneos iphonesimulator";
				SUPPORTS_MACCATALYST = NO;
				SUPPORTS_MAC_DESIGNED_FOR_IPHONE_IPAD = NO;
				SWIFT_EMIT_LOC_STRINGS = YES;
				SWIFT_VERSION = 5.0;
				TARGETED_DEVICE_FAMILY = 1;
			};
			name = Debug;
		};
		395F81B62B19DF0D0070FD1C /* Release */ = {
			isa = XCBuildConfiguration;
			buildSettings = {
				ASSETCATALOG_COMPILER_APPICON_NAME = AppIcon;
				ASSETCATALOG_COMPILER_GLOBAL_ACCENT_COLOR_NAME = AccentColor;
				CODE_SIGN_ENTITLEMENTS = HK/HK.entitlements;
				CODE_SIGN_STYLE = Automatic;
				CURRENT_PROJECT_VERSION = 1;
				DEBUG_INFORMATION_FORMAT = "dwarf-with-dsym";
				DEVELOPMENT_ASSET_PATHS = "\"HK/Preview Content\"";
				DEVELOPMENT_TEAM = B97JAXGU8K;
				ENABLE_PREVIEWS = YES;
				GENERATE_INFOPLIST_FILE = YES;
				INFOPLIST_FILE = HK/Info.plist;
				INFOPLIST_KEY_NSCameraUsageDescription = "Použitie kamery bude výhradne pre skenovanie QR kódu.";
				INFOPLIST_KEY_UIApplicationSceneManifest_Generation = YES;
				INFOPLIST_KEY_UIApplicationSupportsIndirectInputEvents = YES;
				INFOPLIST_KEY_UILaunchScreen_Generation = YES;
				INFOPLIST_KEY_UISupportedInterfaceOrientations = UIInterfaceOrientationPortrait;
				INFOPLIST_KEY_UISupportedInterfaceOrientations_iPad = "UIInterfaceOrientationLandscapeLeft UIInterfaceOrientationLandscapeRight";
				INFOPLIST_KEY_UIUserInterfaceStyle = Light;
				LD_RUNPATH_SEARCH_PATHS = (
					"$(inherited)",
					"@executable_path/Frameworks",
				);
				MARKETING_VERSION = 1.0.0;
				PRODUCT_BUNDLE_IDENTIFIER = sk.kresanic.HK;
				PRODUCT_NAME = "$(TARGET_NAME)";
				SUPPORTED_PLATFORMS = "iphoneos iphonesimulator";
				SUPPORTS_MACCATALYST = NO;
				SUPPORTS_MAC_DESIGNED_FOR_IPHONE_IPAD = NO;
				SWIFT_EMIT_LOC_STRINGS = YES;
				SWIFT_VERSION = 5.0;
				TARGETED_DEVICE_FAMILY = 1;
			};
			name = Release;
		};
/* End XCBuildConfiguration section */

/* Begin XCConfigurationList section */
		395F81A12B19DF0C0070FD1C /* Build configuration list for PBXProject "HK" */ = {
			isa = XCConfigurationList;
			buildConfigurations = (
				395F81B22B19DF0D0070FD1C /* Debug */,
				395F81B32B19DF0D0070FD1C /* Release */,
			);
			defaultConfigurationIsVisible = 0;
			defaultConfigurationName = Release;
		};
		395F81B42B19DF0D0070FD1C /* Build configuration list for PBXNativeTarget "HK" */ = {
			isa = XCConfigurationList;
			buildConfigurations = (
				395F81B52B19DF0D0070FD1C /* Debug */,
				395F81B62B19DF0D0070FD1C /* Release */,
			);
			defaultConfigurationIsVisible = 0;
			defaultConfigurationName = Release;
		};
/* End XCConfigurationList section */

/* Begin XCRemoteSwiftPackageReference section */
		39B40C1A2B3639F4009A8AEE /* XCRemoteSwiftPackageReference "codescanner" */ = {
			isa = XCRemoteSwiftPackageReference;
			repositoryURL = "https://github.com/twostraws/codescanner";
			requirement = {
				kind = upToNextMajorVersion;
				minimumVersion = 2.3.3;
			};
		};
		5B734D3737EA448796C86D49 /* XCRemoteSwiftPackageReference "sentry-cocoa" */ = {
			isa = XCRemoteSwiftPackageReference;
			repositoryURL = "https://github.com/getsentry/sentry-cocoa/";
			requirement = {
				kind = upToNextMajorVersion;
				minimumVersion = 8.0.0;
			};
		};
/* End XCRemoteSwiftPackageReference section */

/* Begin XCSwiftPackageProductDependency section */
		397139702BE96AB600F0836D /* Sentry */ = {
			isa = XCSwiftPackageProductDependency;
			productName = Sentry;
		};
		397139742BE96AB600F0836D /* SentrySwiftUI */ = {
			isa = XCSwiftPackageProductDependency;
			productName = SentrySwiftUI;
		};
		39B40C1B2B3639F4009A8AEE /* CodeScanner */ = {
			isa = XCSwiftPackageProductDependency;
			package = 39B40C1A2B3639F4009A8AEE /* XCRemoteSwiftPackageReference "codescanner" */;
			productName = CodeScanner;
		};
/* End XCSwiftPackageProductDependency section */
	};
	rootObject = 395F819E2B19DF0C0070FD1C /* Project object */;
}
